PODS:
  - Flutter (1.0.0)
  - flutter_pdf_renderer (0.0.1):
    - Flutter
  - flutter_pdfview (0.0.1):
    - Flutter
  - path_provider (0.0.1):
    - Flutter
  - path_provider_macos (0.0.1):
    - Flutter

DEPENDENCIES:
  - Flutter (from `Flutter`)
  - flutter_pdf_renderer (from `.symlinks/plugins/flutter_pdf_renderer/ios`)
  - flutter_pdfview (from `.symlinks/plugins/flutter_pdfview/ios`)
  - path_provider (from `.symlinks/plugins/path_provider/ios`)
  - path_provider_macos (from `.symlinks/plugins/path_provider_macos/ios`)

EXTERNAL SOURCES:
  Flutter:
    :path: Flutter
  flutter_pdf_renderer:
    :path: ".symlinks/plugins/flutter_pdf_renderer/ios"
  flutter_pdfview:
    :path: ".symlinks/plugins/flutter_pdfview/ios"
  path_provider:
    :path: ".symlinks/plugins/path_provider/ios"
  path_provider_macos:
    :path: ".symlinks/plugins/path_provider_macos/ios"

SPEC CHECKSUMS:
  Flutter: 0e3d915762c693b495b44d77113d4970485de6ec
  flutter_pdf_renderer: 5c410ee2f1724b375c6cc136177e87e49893a3ac
  flutter_pdfview: bdf86972519a15c6d8f50ad34e5b0429b255cbb4
  path_provider: fb74bd0465e96b594bb3b5088ee4a4e7bb1f2a9d
  path_provider_macos: f760a3c5b04357c380e2fddb6f9db6f3015897e0

PODFILE CHECKSUM: 474313b5a4798cc74babb44e36bdf3bbbea9a318

COCOAPODS: 1.9.1
